
Microsoft Visual Studio Solution File, Format Version 12.00
# Visual Studio Version 17
VisualStudioVersion = 17.12.35527.113 d17.12
MinimumVisualStudioVersion = 10.0.40219.1
Project("{FAE04EC0-301F-11D3-BF4B-00C04F79EFBC}") = "BankInterfaceTask", "BankInterfaceTask\BankInterfaceTask.csproj", "{951184BA-A2E7-4FF5-B1D3-1D9BF8850BCE}"
EndProject
Project("{FAE04EC0-301F-11D3-BF4B-00C04F79EFBC}") = "Domain", "Domain\Domain.csproj", "{3BCA0F78-6B69-411F-92C4-15A7C4ED3737}"
EndProject
Project("{FAE04EC0-301F-11D3-BF4B-00C04F79EFBC}") = "Service", "Service\Service.csproj", "{6CC52DE7-D193-4753-9947-3A6A57C514CD}"
EndProject
Global
	GlobalSection(SolutionConfigurationPlatforms) = preSolution
		Debug|Any CPU = Debug|Any CPU
		Release|Any CPU = Release|Any CPU
	EndGlobalSection
	GlobalSection(ProjectConfigurationPlatforms) = postSolution
		{951184BA-A2E7-4FF5-B1D3-1D9BF8850BCE}.Debug|Any CPU.ActiveCfg = Debug|Any CPU
		{951184BA-A2E7-4FF5-B1D3-1D9BF8850BCE}.Debug|Any CPU.Build.0 = Debug|Any CPU
		{951184BA-A2E7-4FF5-B1D3-1D9BF8850BCE}.Release|Any CPU.ActiveCfg = Release|Any CPU
		{951184BA-A2E7-4FF5-B1D3-1D9BF8850BCE}.Release|Any CPU.Build.0 = Release|Any CPU
		{3BCA0F78-6B69-411F-92C4-15A7C4ED3737}.Debug|Any CPU.ActiveCfg = Debug|Any CPU
		{3BCA0F78-6B69-411F-92C4-15A7C4ED3737}.Debug|Any CPU.Build.0 = Debug|Any CPU
		{3BCA0F78-6B69-411F-92C4-15A7C4ED3737}.Release|Any CPU.ActiveCfg = Release|Any CPU
		{3BCA0F78-6B69-411F-92C4-15A7C4ED3737}.Release|Any CPU.Build.0 = Release|Any CPU
		{6CC52DE7-D193-4753-9947-3A6A57C514CD}.Debug|Any CPU.ActiveCfg = Debug|Any CPU
		{6CC52DE7-D193-4753-9947-3A6A57C514CD}.Debug|Any CPU.Build.0 = Debug|Any CPU
		{6CC52DE7-D193-4753-9947-3A6A57C514CD}.Release|Any CPU.ActiveCfg = Release|Any CPU
		{6CC52DE7-D193-4753-9947-3A6A57C514CD}.Release|Any CPU.Build.0 = Release|Any CPU
	EndGlobalSection
	GlobalSection(SolutionProperties) = preSolution
		HideSolutionNode = FALSE
	EndGlobalSection
EndGlobal
